
Microsoft Visual Studio Solution File, Format Version 12.00
# Visual Studio Version 16
VisualStudioVersion = 16.0.31410.357
MinimumVisualStudioVersion = 10.0.40219.1
Project("{2150E333-8FDC-42A3-9474-1A3956D46DE8}") = "CVAiO.Bplus.Camera", "CVAiO.Bplus.Camera", "{31B96A1B-4FE8-4BAE-9DB3-E3A897679D34}"
EndProject
Project("{2150E333-8FDC-42A3-9474-1A3956D46DE8}") = "CVAiO.Bplus.Interface", "CVAiO.Bplus.Interface", "{7EE0B8E2-64F7-4A63-B067-E9672A6B10E9}"
EndProject
Project("{2150E333-8FDC-42A3-9474-1A3956D46DE8}") = "CVAiO.Bplus.ByUser", "CVAiO.Bplus.ByUser", "{6B1F33EC-843D-4B6C-9A9E-0F15E58F48B2}"
EndProject
Project("{FAE04EC0-301F-11D3-BF4B-00C04F79EFBC}") = "CVAiO.Bplus.ToolByUser", "CVAiO.Bplus.ByUser\CVAiO.Bplus.ToolByUser\CVAiO.Bplus.ToolByUser.csproj", "{F8B3C75A-CEB3-4E48-B742-A92EA81AE129}"
EndProject
Project("{FAE04EC0-301F-11D3-BF4B-00C04F79EFBC}") = "CVAiO.Bplus.ToolByUser.Controls", "CVAiO.Bplus.ByUser\CVAiO.Bplus.ToolByUser.Controls\CVAiO.Bplus.ToolByUser.Controls.csproj", "{90E62FF3-D53E-4EF9-B22F-35E570672204}"
	ProjectSection(ProjectDependencies) = postProject
		{F8B3C75A-CEB3-4E48-B742-A92EA81AE129} = {F8B3C75A-CEB3-4E48-B742-A92EA81AE129}
	EndProjectSection
EndProject
Project("{2150E333-8FDC-42A3-9474-1A3956D46DE8}") = "CVAiO.Bplus.GUI", "CVAiO.Bplus.GUI", "{E8542ECC-43D5-4E7D-80A7-DC72854AD96E}"
EndProject
Project("{FAE04EC0-301F-11D3-BF4B-00C04F79EFBC}") = "CVAiO.Bplus.GUI.ByUser", "CVAiO.Bplus.GUI\CVAiO.Bplus.GUI.ByUser\CVAiO.Bplus.GUI.ByUser.csproj", "{32F17EF6-B291-4F2A-B67B-9CF668754F8D}"
EndProject
Project("{FAE04EC0-301F-11D3-BF4B-00C04F79EFBC}") = "CVAiO.Bplus.Interface.ByUser", "CVAiO.Bplus.Interface\CVAiO.Bplus.Interface.ByUser\CVAiO.Bplus.Interface.ByUser.csproj", "{E4BE1F9E-4833-482E-8406-2CE83FDD6C2B}"
EndProject
Project("{FAE04EC0-301F-11D3-BF4B-00C04F79EFBC}") = "CVAiO.Bplus.Camera.ByUser", "CVAiO.Bplus.Camera\CVAiO.Bplus.Camera.ByUser\CVAiO.Bplus.Camera.ByUser.csproj", "{8EDC0548-A4E9-4DE4-A5A8-9FA888E116D3}"
EndProject
Project("{FAE04EC0-301F-11D3-BF4B-00C04F79EFBC}") = "CVAiO.Bplus", "CVAiO.Bplus\CVAiO.Bplus.csproj", "{C6B437AE-FF0F-4713-BB0E-249DEFFD5C12}"
EndProject
Project("{FAE04EC0-301F-11D3-BF4B-00C04F79EFBC}") = "CVAiO.Bplus.LightingDevice", "CVAiO.Bplus.Lighting\CVAiO.Bplus.LightingDevice.csproj", "{C16F90C8-243F-4A53-82B0-9BDD66566AAB}"
EndProject
Project("{FAE04EC0-301F-11D3-BF4B-00C04F79EFBC}") = "CVAiO.Bplus.Algorithm", "CVAiO.Bplus.ByUser\CVAiO.Bplus.Algorithm\CVAiO.Bplus.Algorithm.csproj", "{347798D1-7A00-44E2-A399-057FE1D256C4}"
EndProject
Project("{FAE04EC0-301F-11D3-BF4B-00C04F79EFBC}") = "CVAiO.Bplus.Algorithm.Controls", "CVAiO.Bplus.ByUser\CVAiO.Bplus.Algorithm.Controls\CVAiO.Bplus.Algorithm.Controls.csproj", "{333DE2AA-331F-42BB-A52E-A426DD734EAB}"
	ProjectSection(ProjectDependencies) = postProject
		{347798D1-7A00-44E2-A399-057FE1D256C4} = {347798D1-7A00-44E2-A399-057FE1D256C4}
	EndProjectSection
EndProject
Project("{2150E333-8FDC-42A3-9474-1A3956D46DE8}") = "CVAiO.Bplus.Cognex", "CVAiO.Bplus.Cognex", "{7427CD34-B8A5-4DF6-8F43-F9C1DC2C0932}"
EndProject
Project("{2150E333-8FDC-42A3-9474-1A3956D46DE8}") = "CVAiO.Bplus.Halcon", "CVAiO.Bplus.Halcon", "{8826D42D-48FE-481F-94BF-E9477FE13DF4}"
EndProject
Project("{FAE04EC0-301F-11D3-BF4B-00C04F79EFBC}") = "CVAiO.Bplus.CogByUser", "CVAiO.Bplus.Cognex\CVAiO.Bplus.CogByUser\CVAiO.Bplus.CogByUser.csproj", "{4F2E0527-5099-4DF8-B172-FD6EAD7A6F25}"
EndProject
Project("{FAE04EC0-301F-11D3-BF4B-00C04F79EFBC}") = "CVAiO.Bplus.CogByUser.Controls", "CVAiO.Bplus.Cognex\CVAiO.Bplus.CogByUser.Controls\CVAiO.Bplus.CogByUser.Controls.csproj", "{A864F5CB-D87F-4A60-9D51-4B939F2A7864}"
	ProjectSection(ProjectDependencies) = postProject
		{4F2E0527-5099-4DF8-B172-FD6EAD7A6F25} = {4F2E0527-5099-4DF8-B172-FD6EAD7A6F25}
	EndProjectSection
EndProject
Project("{FAE04EC0-301F-11D3-BF4B-00C04F79EFBC}") = "CVAiO.Bplus.HByUser", "CVAiO.Bplus.Halcon\CVAiO.Bplus.HByUser\CVAiO.Bplus.HByUser.csproj", "{49702418-BCAF-4EF4-A981-20F8D44A1D0D}"
EndProject
Project("{FAE04EC0-301F-11D3-BF4B-00C04F79EFBC}") = "CVAiO.Bplus.HByUser.Controls", "CVAiO.Bplus.Halcon\CVAiO.Bplus.HByUser.Controls\CVAiO.Bplus.HByUser.Controls.csproj", "{0D1D528E-B4B9-45AE-B88B-DA5A1DE51730}"
	ProjectSection(ProjectDependencies) = postProject
		{49702418-BCAF-4EF4-A981-20F8D44A1D0D} = {49702418-BCAF-4EF4-A981-20F8D44A1D0D}
	EndProjectSection
EndProject
Project("{FAE04EC0-301F-11D3-BF4B-00C04F79EFBC}") = "CVAiO.Bplus.Simulator", "CVAiO.Bplus.Simulator\CVAiO.Bplus.Simulator.csproj", "{16BB4A4B-7DB5-41E7-AF88-52AD9DDC32D8}"
EndProject
Project("{FAE04EC0-301F-11D3-BF4B-00C04F79EFBC}") = "CVAiO.Bplus.Camera.Omron", "CVAiO.Bplus.Camera\CVAiO.Bplus.Camera.Omron\CVAiO.Bplus.Camera.Omron.csproj", "{1042627E-5638-48EE-AEC7-1A55B16D93B6}"
EndProject
Project("{FAE04EC0-301F-11D3-BF4B-00C04F79EFBC}") = "CVAiO.Bplus.Interface.EthernetIP", "CVAiO.Bplus.Interface\CVAiO.Bplus.Interface.EthernetIP\CVAiO.Bplus.Interface.EthernetIP.csproj", "{5B01A02B-4D03-4D67-B523-BA9E38A1BF22}"
EndProject
Global
	GlobalSection(SolutionConfigurationPlatforms) = preSolution
		Debug|Any CPU = Debug|Any CPU
		Debug|x64 = Debug|x64
		Debug|x86 = Debug|x86
		Release|Any CPU = Release|Any CPU
		Release|x64 = Release|x64
		Release|x86 = Release|x86
	EndGlobalSection
	GlobalSection(ProjectConfigurationPlatforms) = postSolution
		{F8B3C75A-CEB3-4E48-B742-A92EA81AE129}.Debug|Any CPU.ActiveCfg = Debug|Any CPU
		{F8B3C75A-CEB3-4E48-B742-A92EA81AE129}.Debug|Any CPU.Build.0 = Debug|Any CPU
		{F8B3C75A-CEB3-4E48-B742-A92EA81AE129}.Debug|x64.ActiveCfg = Debug|x64
		{F8B3C75A-CEB3-4E48-B742-A92EA81AE129}.Debug|x64.Build.0 = Debug|x64
		{F8B3C75A-CEB3-4E48-B742-A92EA81AE129}.Debug|x86.ActiveCfg = Debug|Any CPU
		{F8B3C75A-CEB3-4E48-B742-A92EA81AE129}.Debug|x86.Build.0 = Debug|Any CPU
		{F8B3C75A-CEB3-4E48-B742-A92EA81AE129}.Release|Any CPU.ActiveCfg = Release|Any CPU
		{F8B3C75A-CEB3-4E48-B742-A92EA81AE129}.Release|Any CPU.Build.0 = Release|Any CPU
		{F8B3C75A-CEB3-4E48-B742-A92EA81AE129}.Release|x64.ActiveCfg = Release|x64
		{F8B3C75A-CEB3-4E48-B742-A92EA81AE129}.Release|x64.Build.0 = Release|x64
		{F8B3C75A-CEB3-4E48-B742-A92EA81AE129}.Release|x86.ActiveCfg = Release|Any CPU
		{F8B3C75A-CEB3-4E48-B742-A92EA81AE129}.Release|x86.Build.0 = Release|Any CPU
		{90E62FF3-D53E-4EF9-B22F-35E570672204}.Debug|Any CPU.ActiveCfg = Debug|Any CPU
		{90E62FF3-D53E-4EF9-B22F-35E570672204}.Debug|Any CPU.Build.0 = Debug|Any CPU
		{90E62FF3-D53E-4EF9-B22F-35E570672204}.Debug|x64.ActiveCfg = Debug|x64
		{90E62FF3-D53E-4EF9-B22F-35E570672204}.Debug|x64.Build.0 = Debug|x64
		{90E62FF3-D53E-4EF9-B22F-35E570672204}.Debug|x86.ActiveCfg = Debug|Any CPU
		{90E62FF3-D53E-4EF9-B22F-35E570672204}.Debug|x86.Build.0 = Debug|Any CPU
		{90E62FF3-D53E-4EF9-B22F-35E570672204}.Release|Any CPU.ActiveCfg = Release|Any CPU
		{90E62FF3-D53E-4EF9-B22F-35E570672204}.Release|Any CPU.Build.0 = Release|Any CPU
		{90E62FF3-D53E-4EF9-B22F-35E570672204}.Release|x64.ActiveCfg = Release|x64
		{90E62FF3-D53E-4EF9-B22F-35E570672204}.Release|x64.Build.0 = Release|x64
		{90E62FF3-D53E-4EF9-B22F-35E570672204}.Release|x86.ActiveCfg = Release|Any CPU
		{90E62FF3-D53E-4EF9-B22F-35E570672204}.Release|x86.Build.0 = Release|Any CPU
		{32F17EF6-B291-4F2A-B67B-9CF668754F8D}.Debug|Any CPU.ActiveCfg = Debug|Any CPU
		{32F17EF6-B291-4F2A-B67B-9CF668754F8D}.Debug|Any CPU.Build.0 = Debug|Any CPU
		{32F17EF6-B291-4F2A-B67B-9CF668754F8D}.Debug|x64.ActiveCfg = Debug|x64
		{32F17EF6-B291-4F2A-B67B-9CF668754F8D}.Debug|x64.Build.0 = Debug|x64
		{32F17EF6-B291-4F2A-B67B-9CF668754F8D}.Debug|x86.ActiveCfg = Debug|Any CPU
		{32F17EF6-B291-4F2A-B67B-9CF668754F8D}.Debug|x86.Build.0 = Debug|Any CPU
		{32F17EF6-B291-4F2A-B67B-9CF668754F8D}.Release|Any CPU.ActiveCfg = Release|Any CPU
		{32F17EF6-B291-4F2A-B67B-9CF668754F8D}.Release|Any CPU.Build.0 = Release|Any CPU
		{32F17EF6-B291-4F2A-B67B-9CF668754F8D}.Release|x64.ActiveCfg = Release|x64
		{32F17EF6-B291-4F2A-B67B-9CF668754F8D}.Release|x64.Build.0 = Release|x64
		{32F17EF6-B291-4F2A-B67B-9CF668754F8D}.Release|x86.ActiveCfg = Release|Any CPU
		{32F17EF6-B291-4F2A-B67B-9CF668754F8D}.Release|x86.Build.0 = Release|Any CPU
		{E4BE1F9E-4833-482E-8406-2CE83FDD6C2B}.Debug|Any CPU.ActiveCfg = Debug|Any CPU
		{E4BE1F9E-4833-482E-8406-2CE83FDD6C2B}.Debug|Any CPU.Build.0 = Debug|Any CPU
		{E4BE1F9E-4833-482E-8406-2CE83FDD6C2B}.Debug|x64.ActiveCfg = Debug|x64
		{E4BE1F9E-4833-482E-8406-2CE83FDD6C2B}.Debug|x64.Build.0 = Debug|x64
		{E4BE1F9E-4833-482E-8406-2CE83FDD6C2B}.Debug|x86.ActiveCfg = Debug|Any CPU
		{E4BE1F9E-4833-482E-8406-2CE83FDD6C2B}.Debug|x86.Build.0 = Debug|Any CPU
		{E4BE1F9E-4833-482E-8406-2CE83FDD6C2B}.Release|Any CPU.ActiveCfg = Release|Any CPU
		{E4BE1F9E-4833-482E-8406-2CE83FDD6C2B}.Release|Any CPU.Build.0 = Release|Any CPU
		{E4BE1F9E-4833-482E-8406-2CE83FDD6C2B}.Release|x64.ActiveCfg = Release|x64
		{E4BE1F9E-4833-482E-8406-2CE83FDD6C2B}.Release|x64.Build.0 = Release|x64
		{E4BE1F9E-4833-482E-8406-2CE83FDD6C2B}.Release|x86.ActiveCfg = Release|Any CPU
		{E4BE1F9E-4833-482E-8406-2CE83FDD6C2B}.Release|x86.Build.0 = Release|Any CPU
		{8EDC0548-A4E9-4DE4-A5A8-9FA888E116D3}.Debug|Any CPU.ActiveCfg = Debug|Any CPU
		{8EDC0548-A4E9-4DE4-A5A8-9FA888E116D3}.Debug|Any CPU.Build.0 = Debug|Any CPU
		{8EDC0548-A4E9-4DE4-A5A8-9FA888E116D3}.Debug|x64.ActiveCfg = Debug|x64
		{8EDC0548-A4E9-4DE4-A5A8-9FA888E116D3}.Debug|x64.Build.0 = Debug|x64
		{8EDC0548-A4E9-4DE4-A5A8-9FA888E116D3}.Debug|x86.ActiveCfg = Debug|Any CPU
		{8EDC0548-A4E9-4DE4-A5A8-9FA888E116D3}.Debug|x86.Build.0 = Debug|Any CPU
		{8EDC0548-A4E9-4DE4-A5A8-9FA888E116D3}.Release|Any CPU.ActiveCfg = Release|Any CPU
		{8EDC0548-A4E9-4DE4-A5A8-9FA888E116D3}.Release|Any CPU.Build.0 = Release|Any CPU
		{8EDC0548-A4E9-4DE4-A5A8-9FA888E116D3}.Release|x64.ActiveCfg = Release|x64
		{8EDC0548-A4E9-4DE4-A5A8-9FA888E116D3}.Release|x64.Build.0 = Release|x64
		{8EDC0548-A4E9-4DE4-A5A8-9FA888E116D3}.Release|x86.ActiveCfg = Release|Any CPU
		{8EDC0548-A4E9-4DE4-A5A8-9FA888E116D3}.Release|x86.Build.0 = Release|Any CPU
		{C6B437AE-FF0F-4713-BB0E-249DEFFD5C12}.Debug|Any CPU.ActiveCfg = Debug|Any CPU
		{C6B437AE-FF0F-4713-BB0E-249DEFFD5C12}.Debug|Any CPU.Build.0 = Debug|Any CPU
		{C6B437AE-FF0F-4713-BB0E-249DEFFD5C12}.Debug|x64.ActiveCfg = Debug|x64
		{C6B437AE-FF0F-4713-BB0E-249DEFFD5C12}.Debug|x64.Build.0 = Debug|x64
		{C6B437AE-FF0F-4713-BB0E-249DEFFD5C12}.Debug|x86.ActiveCfg = Debug|Any CPU
		{C6B437AE-FF0F-4713-BB0E-249DEFFD5C12}.Debug|x86.Build.0 = Debug|Any CPU
		{C6B437AE-FF0F-4713-BB0E-249DEFFD5C12}.Release|Any CPU.ActiveCfg = Release|Any CPU
		{C6B437AE-FF0F-4713-BB0E-249DEFFD5C12}.Release|Any CPU.Build.0 = Release|Any CPU
		{C6B437AE-FF0F-4713-BB0E-249DEFFD5C12}.Release|x64.ActiveCfg = Release|x64
		{C6B437AE-FF0F-4713-BB0E-249DEFFD5C12}.Release|x64.Build.0 = Release|x64
		{C6B437AE-FF0F-4713-BB0E-249DEFFD5C12}.Release|x86.ActiveCfg = Release|Any CPU
		{C6B437AE-FF0F-4713-BB0E-249DEFFD5C12}.Release|x86.Build.0 = Release|Any CPU
		{C16F90C8-243F-4A53-82B0-9BDD66566AAB}.Debug|Any CPU.ActiveCfg = Debug|Any CPU
		{C16F90C8-243F-4A53-82B0-9BDD66566AAB}.Debug|Any CPU.Build.0 = Debug|Any CPU
		{C16F90C8-243F-4A53-82B0-9BDD66566AAB}.Debug|x64.ActiveCfg = Debug|x64
		{C16F90C8-243F-4A53-82B0-9BDD66566AAB}.Debug|x64.Build.0 = Debug|x64
		{C16F90C8-243F-4A53-82B0-9BDD66566AAB}.Debug|x86.ActiveCfg = Debug|Any CPU
		{C16F90C8-243F-4A53-82B0-9BDD66566AAB}.Debug|x86.Build.0 = Debug|Any CPU
		{C16F90C8-243F-4A53-82B0-9BDD66566AAB}.Release|Any CPU.ActiveCfg = Release|Any CPU
		{C16F90C8-243F-4A53-82B0-9BDD66566AAB}.Release|Any CPU.Build.0 = Release|Any CPU
		{C16F90C8-243F-4A53-82B0-9BDD66566AAB}.Release|x64.ActiveCfg = Release|Any CPU
		{C16F90C8-243F-4A53-82B0-9BDD66566AAB}.Release|x64.Build.0 = Release|Any CPU
		{C16F90C8-243F-4A53-82B0-9BDD66566AAB}.Release|x86.ActiveCfg = Release|Any CPU
		{C16F90C8-243F-4A53-82B0-9BDD66566AAB}.Release|x86.Build.0 = Release|Any CPU
		{347798D1-7A00-44E2-A399-057FE1D256C4}.Debug|Any CPU.ActiveCfg = Debug|Any CPU
		{347798D1-7A00-44E2-A399-057FE1D256C4}.Debug|Any CPU.Build.0 = Debug|Any CPU
		{347798D1-7A00-44E2-A399-057FE1D256C4}.Debug|x64.ActiveCfg = Debug|x64
		{347798D1-7A00-44E2-A399-057FE1D256C4}.Debug|x64.Build.0 = Debug|x64
		{347798D1-7A00-44E2-A399-057FE1D256C4}.Debug|x86.ActiveCfg = Debug|Any CPU
		{347798D1-7A00-44E2-A399-057FE1D256C4}.Debug|x86.Build.0 = Debug|Any CPU
		{347798D1-7A00-44E2-A399-057FE1D256C4}.Release|Any CPU.ActiveCfg = Release|Any CPU
		{347798D1-7A00-44E2-A399-057FE1D256C4}.Release|Any CPU.Build.0 = Release|Any CPU
		{347798D1-7A00-44E2-A399-057FE1D256C4}.Release|x64.ActiveCfg = Release|x64
		{347798D1-7A00-44E2-A399-057FE1D256C4}.Release|x64.Build.0 = Release|x64
		{347798D1-7A00-44E2-A399-057FE1D256C4}.Release|x86.ActiveCfg = Release|Any CPU
		{347798D1-7A00-44E2-A399-057FE1D256C4}.Release|x86.Build.0 = Release|Any CPU
		{333DE2AA-331F-42BB-A52E-A426DD734EAB}.Debug|Any CPU.ActiveCfg = Debug|Any CPU
		{333DE2AA-331F-42BB-A52E-A426DD734EAB}.Debug|Any CPU.Build.0 = Debug|Any CPU
		{333DE2AA-331F-42BB-A52E-A426DD734EAB}.Debug|x64.ActiveCfg = Debug|x64
		{333DE2AA-331F-42BB-A52E-A426DD734EAB}.Debug|x64.Build.0 = Debug|x64
		{333DE2AA-331F-42BB-A52E-A426DD734EAB}.Debug|x86.ActiveCfg = Debug|Any CPU
		{333DE2AA-331F-42BB-A52E-A426DD734EAB}.Debug|x86.Build.0 = Debug|Any CPU
		{333DE2AA-331F-42BB-A52E-A426DD734EAB}.Release|Any CPU.ActiveCfg = Release|Any CPU
		{333DE2AA-331F-42BB-A52E-A426DD734EAB}.Release|Any CPU.Build.0 = Release|Any CPU
		{333DE2AA-331F-42BB-A52E-A426DD734EAB}.Release|x64.ActiveCfg = Release|x64
		{333DE2AA-331F-42BB-A52E-A426DD734EAB}.Release|x64.Build.0 = Release|x64
		{333DE2AA-331F-42BB-A52E-A426DD734EAB}.Release|x86.ActiveCfg = Release|Any CPU
		{333DE2AA-331F-42BB-A52E-A426DD734EAB}.Release|x86.Build.0 = Release|Any CPU
		{4F2E0527-5099-4DF8-B172-FD6EAD7A6F25}.Debug|Any CPU.ActiveCfg = Debug|Any CPU
		{4F2E0527-5099-4DF8-B172-FD6EAD7A6F25}.Debug|x64.ActiveCfg = Debug|x64
		{4F2E0527-5099-4DF8-B172-FD6EAD7A6F25}.Debug|x64.Build.0 = Debug|x64
		{4F2E0527-5099-4DF8-B172-FD6EAD7A6F25}.Debug|x86.ActiveCfg = Debug|Any CPU
		{4F2E0527-5099-4DF8-B172-FD6EAD7A6F25}.Debug|x86.Build.0 = Debug|Any CPU
		{4F2E0527-5099-4DF8-B172-FD6EAD7A6F25}.Release|Any CPU.ActiveCfg = Release|Any CPU
		{4F2E0527-5099-4DF8-B172-FD6EAD7A6F25}.Release|Any CPU.Build.0 = Release|Any CPU
		{4F2E0527-5099-4DF8-B172-FD6EAD7A6F25}.Release|x64.ActiveCfg = Release|Any CPU
		{4F2E0527-5099-4DF8-B172-FD6EAD7A6F25}.Release|x64.Build.0 = Release|Any CPU
		{4F2E0527-5099-4DF8-B172-FD6EAD7A6F25}.Release|x86.ActiveCfg = Release|Any CPU
		{4F2E0527-5099-4DF8-B172-FD6EAD7A6F25}.Release|x86.Build.0 = Release|Any CPU
		{A864F5CB-D87F-4A60-9D51-4B939F2A7864}.Debug|Any CPU.ActiveCfg = Debug|Any CPU
		{A864F5CB-D87F-4A60-9D51-4B939F2A7864}.Debug|x64.ActiveCfg = Debug|x64
		{A864F5CB-D87F-4A60-9D51-4B939F2A7864}.Debug|x64.Build.0 = Debug|x64
		{A864F5CB-D87F-4A60-9D51-4B939F2A7864}.Debug|x86.ActiveCfg = Debug|Any CPU
		{A864F5CB-D87F-4A60-9D51-4B939F2A7864}.Debug|x86.Build.0 = Debug|Any CPU
		{A864F5CB-D87F-4A60-9D51-4B939F2A7864}.Release|Any CPU.ActiveCfg = Release|Any CPU
		{A864F5CB-D87F-4A60-9D51-4B939F2A7864}.Release|Any CPU.Build.0 = Release|Any CPU
		{A864F5CB-D87F-4A60-9D51-4B939F2A7864}.Release|x64.ActiveCfg = Release|Any CPU
		{A864F5CB-D87F-4A60-9D51-4B939F2A7864}.Release|x64.Build.0 = Release|Any CPU
		{A864F5CB-D87F-4A60-9D51-4B939F2A7864}.Release|x86.ActiveCfg = Release|Any CPU
		{A864F5CB-D87F-4A60-9D51-4B939F2A7864}.Release|x86.Build.0 = Release|Any CPU
		{49702418-BCAF-4EF4-A981-20F8D44A1D0D}.Debug|Any CPU.ActiveCfg = Debug|Any CPU
		{49702418-BCAF-4EF4-A981-20F8D44A1D0D}.Debug|Any CPU.Build.0 = Debug|Any CPU
		{49702418-BCAF-4EF4-A981-20F8D44A1D0D}.Debug|x64.ActiveCfg = Debug|x64
		{49702418-BCAF-4EF4-A981-20F8D44A1D0D}.Debug|x64.Build.0 = Debug|x64
		{49702418-BCAF-4EF4-A981-20F8D44A1D0D}.Debug|x86.ActiveCfg = Debug|Any CPU
		{49702418-BCAF-4EF4-A981-20F8D44A1D0D}.Debug|x86.Build.0 = Debug|Any CPU
		{49702418-BCAF-4EF4-A981-20F8D44A1D0D}.Release|Any CPU.ActiveCfg = Release|Any CPU
		{49702418-BCAF-4EF4-A981-20F8D44A1D0D}.Release|Any CPU.Build.0 = Release|Any CPU
		{49702418-BCAF-4EF4-A981-20F8D44A1D0D}.Release|x64.ActiveCfg = Release|Any CPU
		{49702418-BCAF-4EF4-A981-20F8D44A1D0D}.Release|x64.Build.0 = Release|Any CPU
		{49702418-BCAF-4EF4-A981-20F8D44A1D0D}.Release|x86.ActiveCfg = Release|Any CPU
		{49702418-BCAF-4EF4-A981-20F8D44A1D0D}.Release|x86.Build.0 = Release|Any CPU
		{0D1D528E-B4B9-45AE-B88B-DA5A1DE51730}.Debug|Any CPU.ActiveCfg = Debug|Any CPU
		{0D1D528E-B4B9-45AE-B88B-DA5A1DE51730}.Debug|Any CPU.Build.0 = Debug|Any CPU
		{0D1D528E-B4B9-45AE-B88B-DA5A1DE51730}.Debug|x64.ActiveCfg = Debug|x64
		{0D1D528E-B4B9-45AE-B88B-DA5A1DE51730}.Debug|x64.Build.0 = Debug|x64
		{0D1D528E-B4B9-45AE-B88B-DA5A1DE51730}.Debug|x86.ActiveCfg = Debug|Any CPU
		{0D1D528E-B4B9-45AE-B88B-DA5A1DE51730}.Debug|x86.Build.0 = Debug|Any CPU
		{0D1D528E-B4B9-45AE-B88B-DA5A1DE51730}.Release|Any CPU.ActiveCfg = Release|Any CPU
		{0D1D528E-B4B9-45AE-B88B-DA5A1DE51730}.Release|Any CPU.Build.0 = Release|Any CPU
		{0D1D528E-B4B9-45AE-B88B-DA5A1DE51730}.Release|x64.ActiveCfg = Release|Any CPU
		{0D1D528E-B4B9-45AE-B88B-DA5A1DE51730}.Release|x64.Build.0 = Release|Any CPU
		{0D1D528E-B4B9-45AE-B88B-DA5A1DE51730}.Release|x86.ActiveCfg = Release|Any CPU
		{0D1D528E-B4B9-45AE-B88B-DA5A1DE51730}.Release|x86.Build.0 = Release|Any CPU
		{16BB4A4B-7DB5-41E7-AF88-52AD9DDC32D8}.Debug|Any CPU.ActiveCfg = Debug|Any CPU
		{16BB4A4B-7DB5-41E7-AF88-52AD9DDC32D8}.Debug|Any CPU.Build.0 = Debug|Any CPU
		{16BB4A4B-7DB5-41E7-AF88-52AD9DDC32D8}.Debug|x64.ActiveCfg = Debug|Any CPU
		{16BB4A4B-7DB5-41E7-AF88-52AD9DDC32D8}.Debug|x64.Build.0 = Debug|Any CPU
		{16BB4A4B-7DB5-41E7-AF88-52AD9DDC32D8}.Debug|x86.ActiveCfg = Debug|Any CPU
		{16BB4A4B-7DB5-41E7-AF88-52AD9DDC32D8}.Debug|x86.Build.0 = Debug|Any CPU
		{16BB4A4B-7DB5-41E7-AF88-52AD9DDC32D8}.Release|Any CPU.ActiveCfg = Release|Any CPU
		{16BB4A4B-7DB5-41E7-AF88-52AD9DDC32D8}.Release|Any CPU.Build.0 = Release|Any CPU
		{16BB4A4B-7DB5-41E7-AF88-52AD9DDC32D8}.Release|x64.ActiveCfg = Release|Any CPU
		{16BB4A4B-7DB5-41E7-AF88-52AD9DDC32D8}.Release|x64.Build.0 = Release|Any CPU
		{16BB4A4B-7DB5-41E7-AF88-52AD9DDC32D8}.Release|x86.ActiveCfg = Release|Any CPU
		{16BB4A4B-7DB5-41E7-AF88-52AD9DDC32D8}.Release|x86.Build.0 = Release|Any CPU
		{1042627E-5638-48EE-AEC7-1A55B16D93B6}.Debug|Any CPU.ActiveCfg = Debug|Any CPU
		{1042627E-5638-48EE-AEC7-1A55B16D93B6}.Debug|Any CPU.Build.0 = Debug|Any CPU
		{1042627E-5638-48EE-AEC7-1A55B16D93B6}.Debug|x64.ActiveCfg = Debug|Any CPU
		{1042627E-5638-48EE-AEC7-1A55B16D93B6}.Debug|x64.Build.0 = Debug|Any CPU
		{1042627E-5638-48EE-AEC7-1A55B16D93B6}.Debug|x86.ActiveCfg = Debug|Any CPU
		{1042627E-5638-48EE-AEC7-1A55B16D93B6}.Debug|x86.Build.0 = Debug|Any CPU
		{1042627E-5638-48EE-AEC7-1A55B16D93B6}.Release|Any CPU.ActiveCfg = Release|Any CPU
		{1042627E-5638-48EE-AEC7-1A55B16D93B6}.Release|Any CPU.Build.0 = Release|Any CPU
		{1042627E-5638-48EE-AEC7-1A55B16D93B6}.Release|x64.ActiveCfg = Release|Any CPU
		{1042627E-5638-48EE-AEC7-1A55B16D93B6}.Release|x64.Build.0 = Release|Any CPU
		{1042627E-5638-48EE-AEC7-1A55B16D93B6}.Release|x86.ActiveCfg = Release|Any CPU
		{1042627E-5638-48EE-AEC7-1A55B16D93B6}.Release|x86.Build.0 = Release|Any CPU
		{5B01A02B-4D03-4D67-B523-BA9E38A1BF22}.Debug|Any CPU.ActiveCfg = Debug|Any CPU
		{5B01A02B-4D03-4D67-B523-BA9E38A1BF22}.Debug|Any CPU.Build.0 = Debug|Any CPU
		{5B01A02B-4D03-4D67-B523-BA9E38A1BF22}.Debug|x64.ActiveCfg = Debug|Any CPU
		{5B01A02B-4D03-4D67-B523-BA9E38A1BF22}.Debug|x64.Build.0 = Debug|Any CPU
		{5B01A02B-4D03-4D67-B523-BA9E38A1BF22}.Debug|x86.ActiveCfg = Debug|Any CPU
		{5B01A02B-4D03-4D67-B523-BA9E38A1BF22}.Debug|x86.Build.0 = Debug|Any CPU
		{5B01A02B-4D03-4D67-B523-BA9E38A1BF22}.Release|Any CPU.ActiveCfg = Release|Any CPU
		{5B01A02B-4D03-4D67-B523-BA9E38A1BF22}.Release|Any CPU.Build.0 = Release|Any CPU
		{5B01A02B-4D03-4D67-B523-BA9E38A1BF22}.Release|x64.ActiveCfg = Release|Any CPU
		{5B01A02B-4D03-4D67-B523-BA9E38A1BF22}.Release|x64.Build.0 = Release|Any CPU
		{5B01A02B-4D03-4D67-B523-BA9E38A1BF22}.Release|x86.ActiveCfg = Release|Any CPU
		{5B01A02B-4D03-4D67-B523-BA9E38A1BF22}.Release|x86.Build.0 = Release|Any CPU
	EndGlobalSection
	GlobalSection(SolutionProperties) = preSolution
		HideSolutionNode = FALSE
	EndGlobalSection
	GlobalSection(NestedProjects) = preSolution
		{F8B3C75A-CEB3-4E48-B742-A92EA81AE129} = {6B1F33EC-843D-4B6C-9A9E-0F15E58F48B2}
		{90E62FF3-D53E-4EF9-B22F-35E570672204} = {6B1F33EC-843D-4B6C-9A9E-0F15E58F48B2}
		{32F17EF6-B291-4F2A-B67B-9CF668754F8D} = {E8542ECC-43D5-4E7D-80A7-DC72854AD96E}
		{E4BE1F9E-4833-482E-8406-2CE83FDD6C2B} = {7EE0B8E2-64F7-4A63-B067-E9672A6B10E9}
		{8EDC0548-A4E9-4DE4-A5A8-9FA888E116D3} = {31B96A1B-4FE8-4BAE-9DB3-E3A897679D34}
		{347798D1-7A00-44E2-A399-057FE1D256C4} = {6B1F33EC-843D-4B6C-9A9E-0F15E58F48B2}
		{333DE2AA-331F-42BB-A52E-A426DD734EAB} = {6B1F33EC-843D-4B6C-9A9E-0F15E58F48B2}
		{4F2E0527-5099-4DF8-B172-FD6EAD7A6F25} = {7427CD34-B8A5-4DF6-8F43-F9C1DC2C0932}
		{A864F5CB-D87F-4A60-9D51-4B939F2A7864} = {7427CD34-B8A5-4DF6-8F43-F9C1DC2C0932}
		{49702418-BCAF-4EF4-A981-20F8D44A1D0D} = {8826D42D-48FE-481F-94BF-E9477FE13DF4}
		{0D1D528E-B4B9-45AE-B88B-DA5A1DE51730} = {8826D42D-48FE-481F-94BF-E9477FE13DF4}
		{1042627E-5638-48EE-AEC7-1A55B16D93B6} = {31B96A1B-4FE8-4BAE-9DB3-E3A897679D34}
		{5B01A02B-4D03-4D67-B523-BA9E38A1BF22} = {7EE0B8E2-64F7-4A63-B067-E9672A6B10E9}
	EndGlobalSection
	GlobalSection(ExtensibilityGlobals) = postSolution
		SolutionGuid = {A6E371EB-8637-4469-ACF6-98CD2743B091}
	EndGlobalSection
EndGlobal
